
Microsoft Visual Studio Solution File, Format Version 12.00
# Visual Studio 14
VisualStudioVersion = 14.0.25420.1
MinimumVisualStudioVersion = 10.0.40219.1
Project("{8BC9CEB8-8B4A-11D0-8D11-00A0C91BC942}") = "Detector", "Detector.vcxproj", "{28EE500C-C462-416E-A509-F6FC76638806}"
EndProject
Project("{2150E333-8FDC-42A3-9474-1A3956D46DE8}") = "Solution Items", "Solution Items", "{9ECBE8AB-8546-4F09-BAED-F7C2265B489C}"
	ProjectSection(SolutionItems) = preProject
		.gitattributes = .gitattributes
		.gitignore = .gitignore
		LICENSE = LICENSE
		makefile = makefile
		README.md = README.md
	EndProjectSection
EndProject
Project("{FAE04EC0-301F-11D3-BF4B-00C04F79EFBC}") = "MotionDetector", "MotionDetector\MotionDetector.csproj", "{30F148B3-BBB4-4120-8391-0DDDE1D118F0}"
EndProject
Global
	GlobalSection(SolutionConfigurationPlatforms) = preSolution
		Debug|Any CPU = Debug|Any CPU
		Debug|x64 = Debug|x64
		Debug|x86 = Debug|x86
		Release|Any CPU = Release|Any CPU
		Release|x64 = Release|x64
		Release|x86 = Release|x86
	EndGlobalSection
	GlobalSection(ProjectConfigurationPlatforms) = postSolution
		{28EE500C-C462-416E-A509-F6FC76638806}.Debug|Any CPU.ActiveCfg = Debug|Win32
		{28EE500C-C462-416E-A509-F6FC76638806}.Debug|x64.ActiveCfg = Debug|x64
		{28EE500C-C462-416E-A509-F6FC76638806}.Debug|x64.Build.0 = Debug|x64
		{28EE500C-C462-416E-A509-F6FC76638806}.Debug|x86.ActiveCfg = Debug|Win32
		{28EE500C-C462-416E-A509-F6FC76638806}.Debug|x86.Build.0 = Debug|Win32
		{28EE500C-C462-416E-A509-F6FC76638806}.Release|Any CPU.ActiveCfg = Release|Win32
		{28EE500C-C462-416E-A509-F6FC76638806}.Release|x64.ActiveCfg = Release|x64
		{28EE500C-C462-416E-A509-F6FC76638806}.Release|x64.Build.0 = Release|x64
		{28EE500C-C462-416E-A509-F6FC76638806}.Release|x86.ActiveCfg = Release|Win32
		{28EE500C-C462-416E-A509-F6FC76638806}.Release|x86.Build.0 = Release|Win32
		{30F148B3-BBB4-4120-8391-0DDDE1D118F0}.Debug|Any CPU.ActiveCfg = Debug|Any CPU
		{30F148B3-BBB4-4120-8391-0DDDE1D118F0}.Debug|Any CPU.Build.0 = Debug|Any CPU
		{30F148B3-BBB4-4120-8391-0DDDE1D118F0}.Debug|x64.ActiveCfg = Debug|Any CPU
		{30F148B3-BBB4-4120-8391-0DDDE1D118F0}.Debug|x64.Build.0 = Debug|Any CPU
		{30F148B3-BBB4-4120-8391-0DDDE1D118F0}.Debug|x86.ActiveCfg = Debug|Any CPU
		{30F148B3-BBB4-4120-8391-0DDDE1D118F0}.Debug|x86.Build.0 = Debug|Any CPU
		{30F148B3-BBB4-4120-8391-0DDDE1D118F0}.Release|Any CPU.ActiveCfg = Release|Any CPU
		{30F148B3-BBB4-4120-8391-0DDDE1D118F0}.Release|Any CPU.Build.0 = Release|Any CPU
		{30F148B3-BBB4-4120-8391-0DDDE1D118F0}.Release|x64.ActiveCfg = Release|Any CPU
		{30F148B3-BBB4-4120-8391-0DDDE1D118F0}.Release|x64.Build.0 = Release|Any CPU
		{30F148B3-BBB4-4120-8391-0DDDE1D118F0}.Release|x86.ActiveCfg = Release|Any CPU
		{30F148B3-BBB4-4120-8391-0DDDE1D118F0}.Release|x86.Build.0 = Release|Any CPU
	EndGlobalSection
	GlobalSection(SolutionProperties) = preSolution
		HideSolutionNode = FALSE
	EndGlobalSection
EndGlobal
